
Microsoft Visual Studio Solution File, Format Version 12.00
# Visual Studio Version 17
VisualStudioVersion = 17.10.35027.167
MinimumVisualStudioVersion = 10.0.40219.1
Project("{2150E333-8FDC-42A3-9474-1A3956D46DE8}") = "Services", "Services", "{B8A99FC4-8C2E-4BE1-A24A-442E3779B090}"
EndProject
Project("{2150E333-8FDC-42A3-9474-1A3956D46DE8}") = "Catalog", "Catalog", "{86D784A6-411E-48AE-BCCD-FAC5784C1213}"
EndProject
Project("{FAE04EC0-301F-11D3-BF4B-00C04F79EFBC}") = "Catalog.Api", "Catalog.Api\Catalog.Api.csproj", "{A864DAFF-D232-46FC-844F-4BD65498A58F}"
EndProject
Global
	GlobalSection(SolutionConfigurationPlatforms) = preSolution
		Debug|Any CPU = Debug|Any CPU
		Release|Any CPU = Release|Any CPU
	EndGlobalSection
	GlobalSection(ProjectConfigurationPlatforms) = postSolution
		{A864DAFF-D232-46FC-844F-4BD65498A58F}.Debug|Any CPU.ActiveCfg = Debug|Any CPU
		{A864DAFF-D232-46FC-844F-4BD65498A58F}.Debug|Any CPU.Build.0 = Debug|Any CPU
		{A864DAFF-D232-46FC-844F-4BD65498A58F}.Release|Any CPU.ActiveCfg = Release|Any CPU
		{A864DAFF-D232-46FC-844F-4BD65498A58F}.Release|Any CPU.Build.0 = Release|Any CPU
	EndGlobalSection
	GlobalSection(SolutionProperties) = preSolution
		HideSolutionNode = FALSE
	EndGlobalSection
	GlobalSection(NestedProjects) = preSolution
		{86D784A6-411E-48AE-BCCD-FAC5784C1213} = {B8A99FC4-8C2E-4BE1-A24A-442E3779B090}
		{A864DAFF-D232-46FC-844F-4BD65498A58F} = {86D784A6-411E-48AE-BCCD-FAC5784C1213}
	EndGlobalSection
	GlobalSection(ExtensibilityGlobals) = postSolution
		SolutionGuid = {90F2734F-771F-43E9-8314-3826A96EAA2A}
	EndGlobalSection
EndGlobal
